
Microsoft Visual Studio Solution File, Format Version 12.00
# Visual Studio 2015
Project("{FAE04EC0-301F-11D3-BF4B-00C04F79EFBC}") = "Prison Cruch", "Prison Cruch.csproj", "{8A5161A8-2578-1602-AA75-CBF381693ABE}"
EndProject
Project("{FAE04EC0-301F-11D3-BF4B-00C04F79EFBC}") = "Prison Cruch.Editor", "Prison Cruch.Editor.csproj", "{10987C93-876D-07D3-4673-6415C1BFB13A}"
EndProject
Global
	GlobalSection(SolutionConfigurationPlatforms) = preSolution
		Debug|Any CPU = Debug|Any CPU
		Release|Any CPU = Release|Any CPU
	EndGlobalSection
	GlobalSection(ProjectConfigurationPlatforms) = postSolution
		{8A5161A8-2578-1602-AA75-CBF381693ABE}.Debug|Any CPU.ActiveCfg = Debug|Any CPU
		{8A5161A8-2578-1602-AA75-CBF381693ABE}.Debug|Any CPU.Build.0 = Debug|Any CPU
		{8A5161A8-2578-1602-AA75-CBF381693ABE}.Release|Any CPU.ActiveCfg = Release|Any CPU
		{8A5161A8-2578-1602-AA75-CBF381693ABE}.Release|Any CPU.Build.0 = Release|Any CPU
		{10987C93-876D-07D3-4673-6415C1BFB13A}.Debug|Any CPU.ActiveCfg = Debug|Any CPU
		{10987C93-876D-07D3-4673-6415C1BFB13A}.Debug|Any CPU.Build.0 = Debug|Any CPU
		{10987C93-876D-07D3-4673-6415C1BFB13A}.Release|Any CPU.ActiveCfg = Release|Any CPU
		{10987C93-876D-07D3-4673-6415C1BFB13A}.Release|Any CPU.Build.0 = Release|Any CPU
	EndGlobalSection
	GlobalSection(SolutionProperties) = preSolution
		HideSolutionNode = FALSE
	EndGlobalSection
EndGlobal
