
Microsoft Visual Studio Solution File, Format Version 12.00
# Visual Studio 2017
Project("{FAE04EC0-301F-11D3-BF4B-00C04F79EFBC}") = "Prison-Crush", "Prison-Crush.csproj", "{774CAD47-0652-4640-5239-11D2A7715228}"
EndProject
Project("{FAE04EC0-301F-11D3-BF4B-00C04F79EFBC}") = "Prison-Crush.Editor", "Prison-Crush.Editor.csproj", "{7FB46F01-1F34-ECE3-5342-2B84BDE6717B}"
EndProject
Global
	GlobalSection(SolutionConfigurationPlatforms) = preSolution
		Debug|Any CPU = Debug|Any CPU
		Release|Any CPU = Release|Any CPU
	EndGlobalSection
	GlobalSection(ProjectConfigurationPlatforms) = postSolution
		{774CAD47-0652-4640-5239-11D2A7715228}.Debug|Any CPU.ActiveCfg = Debug|Any CPU
		{774CAD47-0652-4640-5239-11D2A7715228}.Debug|Any CPU.Build.0 = Debug|Any CPU
		{774CAD47-0652-4640-5239-11D2A7715228}.Release|Any CPU.ActiveCfg = Release|Any CPU
		{774CAD47-0652-4640-5239-11D2A7715228}.Release|Any CPU.Build.0 = Release|Any CPU
		{7FB46F01-1F34-ECE3-5342-2B84BDE6717B}.Debug|Any CPU.ActiveCfg = Debug|Any CPU
		{7FB46F01-1F34-ECE3-5342-2B84BDE6717B}.Debug|Any CPU.Build.0 = Debug|Any CPU
		{7FB46F01-1F34-ECE3-5342-2B84BDE6717B}.Release|Any CPU.ActiveCfg = Release|Any CPU
		{7FB46F01-1F34-ECE3-5342-2B84BDE6717B}.Release|Any CPU.Build.0 = Release|Any CPU
	EndGlobalSection
	GlobalSection(SolutionProperties) = preSolution
		HideSolutionNode = FALSE
	EndGlobalSection
EndGlobal
